
Microsoft Visual Studio Solution File, Format Version 12.00
# Visual Studio 15
VisualStudioVersion = 15.0.28307.438
MinimumVisualStudioVersion = 10.0.40219.1
Project("{FAE04EC0-301F-11D3-BF4B-00C04F79EFBC}") = "mvcPractica", "mvcPractica\mvcPractica.csproj", "{0158A378-9B7F-4D26-9D0E-D107C7B02532}"
EndProject
Project("{FAE04EC0-301F-11D3-BF4B-00C04F79EFBC}") = "APIpratica", "APIpratica\APIpratica.csproj", "{7DE4100E-6839-4E92-8D4A-5FAC3BACD8E9}"
EndProject
Global
	GlobalSection(SolutionConfigurationPlatforms) = preSolution
		Debug|Any CPU = Debug|Any CPU
		Release|Any CPU = Release|Any CPU
	EndGlobalSection
	GlobalSection(ProjectConfigurationPlatforms) = postSolution
		{0158A378-9B7F-4D26-9D0E-D107C7B02532}.Debug|Any CPU.ActiveCfg = Debug|Any CPU
		{0158A378-9B7F-4D26-9D0E-D107C7B02532}.Debug|Any CPU.Build.0 = Debug|Any CPU
		{0158A378-9B7F-4D26-9D0E-D107C7B02532}.Release|Any CPU.ActiveCfg = Release|Any CPU
		{0158A378-9B7F-4D26-9D0E-D107C7B02532}.Release|Any CPU.Build.0 = Release|Any CPU
		{7DE4100E-6839-4E92-8D4A-5FAC3BACD8E9}.Debug|Any CPU.ActiveCfg = Debug|Any CPU
		{7DE4100E-6839-4E92-8D4A-5FAC3BACD8E9}.Debug|Any CPU.Build.0 = Debug|Any CPU
		{7DE4100E-6839-4E92-8D4A-5FAC3BACD8E9}.Release|Any CPU.ActiveCfg = Release|Any CPU
		{7DE4100E-6839-4E92-8D4A-5FAC3BACD8E9}.Release|Any CPU.Build.0 = Release|Any CPU
	EndGlobalSection
	GlobalSection(SolutionProperties) = preSolution
		HideSolutionNode = FALSE
	EndGlobalSection
	GlobalSection(ExtensibilityGlobals) = postSolution
		SolutionGuid = {E8EC8784-04F8-4FEE-B912-D21F90622ACA}
	EndGlobalSection
EndGlobal
